#MicroXplorer Configuration settings - do not modify
Mcu.Family=STM32F1
Dma.MEMTOMEM.2.PeriphInc=DMA_PINC_ENABLE
RCC.PLLSourceVirtual=RCC_PLLSOURCE_HSE
ProjectManager.MainLocation=Src
PC15-OSC32_OUT.Mode=LSE-External-Oscillator
Dma.USART1_TX.1.Instance=DMA1_Channel4
RCC.MCOFreq_Value=72000000
ProjectManager.ProjectFileName=stm32c8t6_gy91.ioc
Dma.MEMTOMEM.2.MemDataAlignment=DMA_MDATAALIGN_BYTE
NVIC.DMA1_Channel5_IRQn=true\:0\:0\:false\:false\:true\:false\:true
Dma.USART1_RX.0.PeriphDataAlignment=DMA_PDATAALIGN_BYTE
PD1-OSC_OUT.Mode=HSE-External-Oscillator
NVIC.I2C1_EV_IRQn=true\:0\:0\:false\:false\:true\:true\:true
ProjectManager.KeepUserCode=true
PA10.Mode=Asynchronous
Mcu.UserName=STM32F103C8Tx
Mcu.PinsNb=11
Dma.USART1_TX.1.MemInc=DMA_MINC_ENABLE
ProjectManager.NoMain=false
Dma.USART1_TX.1.RequestParameters=Instance,Direction,PeriphInc,MemInc,PeriphDataAlignment,MemDataAlignment,Mode,Priority
USART1.BaudRate=9600
RCC.PLLCLKFreq_Value=72000000
Dma.MEMTOMEM.2.Instance=DMA1_Channel1
ProjectManager.functionlistsort=1-MX_GPIO_Init-GPIO-false-HAL-true,2-MX_DMA_Init-DMA-false-HAL-true,3-SystemClock_Config-RCC-false-HAL-false,4-MX_I2C1_Init-I2C1-false-HAL-true,5-MX_USART1_UART_Init-USART1-false-HAL-true
RCC.ADCFreqValue=36000000
ProjectManager.DefaultFWLocation=true
PD0-OSC_IN.Signal=RCC_OSC_IN
ProjectManager.DeletePrevious=true
USART1.IPParameters=VirtualMode,BaudRate
RCC.APB1CLKDivider=RCC_HCLK_DIV2
PC14-OSC32_IN.Signal=RCC_OSC32_IN
PinOutPanel.RotationAngle=0
RCC.FamilyName=M
RCC.SYSCLKSource=RCC_SYSCLKSOURCE_PLLCLK
ProjectManager.StackSize=0x400
PD1-OSC_OUT.Signal=RCC_OSC_OUT
Dma.MEMTOMEM.2.Priority=DMA_PRIORITY_LOW
PA13.Signal=SYS_JTMS-SWDIO
Mcu.IP4=SYS
RCC.FCLKCortexFreq_Value=72000000
Mcu.IP5=USART1
Mcu.IP2=NVIC
NVIC.SVCall_IRQn=true\:0\:0\:false\:false\:true\:false\:false
Mcu.IP3=RCC
Mcu.IP0=DMA
PA9.Mode=Asynchronous
Mcu.IP1=I2C1
Mcu.UserConstants=
ProjectManager.TargetToolchain=MDK-ARM V5.27
Mcu.ThirdPartyNb=0
Dma.USART1_RX.0.Direction=DMA_PERIPH_TO_MEMORY
RCC.HCLKFreq_Value=72000000
Mcu.IPNb=6
ProjectManager.PreviousToolchain=
RCC.APB2TimFreq_Value=72000000
PA9.Signal=USART1_TX
PB6.Signal=I2C1_SCL
Dma.MEMTOMEM.2.PeriphDataAlignment=DMA_PDATAALIGN_BYTE
PB6.Mode=I2C
Mcu.Pin6=PA13
Mcu.Pin7=PA14
Mcu.Pin8=PB6
RCC.USBFreq_Value=72000000
Mcu.Pin9=PB7
PC15-OSC32_OUT.Signal=RCC_OSC32_OUT
RCC.AHBFreq_Value=72000000
Dma.USART1_RX.0.PeriphInc=DMA_PINC_DISABLE
Dma.USART1_RX.0.Priority=DMA_PRIORITY_LOW
Mcu.Pin0=PC14-OSC32_IN
Mcu.Pin1=PC15-OSC32_OUT
GPIO.groupedBy=
PD0-OSC_IN.Mode=HSE-External-Oscillator
Mcu.Pin2=PD0-OSC_IN
Mcu.Pin3=PD1-OSC_OUT
Mcu.Pin4=PA9
Mcu.Pin5=PA10
ProjectManager.ProjectBuild=false
Dma.MEMTOMEM.2.MemInc=DMA_MINC_ENABLE
NVIC.UsageFault_IRQn=true\:0\:0\:false\:false\:true\:false\:false
NVIC.DebugMonitor_IRQn=true\:0\:0\:false\:false\:true\:false\:false
Dma.USART1_TX.1.MemDataAlignment=DMA_MDATAALIGN_BYTE
board=custom
NVIC.SysTick_IRQn=true\:0\:0\:false\:false\:true\:false\:true
ProjectManager.LastFirmware=true
RCC.PLLMUL=RCC_PLL_MUL9
RCC.VCOOutput2Freq_Value=8000000
Dma.MEMTOMEM.2.RequestParameters=Instance,Direction,PeriphInc,MemInc,PeriphDataAlignment,MemDataAlignment,Mode,Priority
ProjectManager.FirmwarePackage=STM32Cube FW_F1 V1.8.0
MxDb.Version=DB.5.0.60
RCC.APB2Freq_Value=72000000
ProjectManager.BackupPrevious=false
MxCube.Version=5.6.1
PC14-OSC32_IN.Mode=LSE-External-Oscillator
Dma.MEMTOMEM.2.Mode=DMA_NORMAL
PA14.Mode=Serial_Wire
File.Version=6
VP_SYS_VS_Systick.Mode=SysTick
Dma.USART1_RX.0.MemDataAlignment=DMA_MDATAALIGN_BYTE
PB7.Signal=I2C1_SDA
NVIC.NonMaskableInt_IRQn=true\:0\:0\:false\:false\:true\:false\:false
Dma.MEMTOMEM.2.Direction=DMA_MEMORY_TO_MEMORY
NVIC.PendSV_IRQn=true\:0\:0\:false\:false\:true\:false\:false
Dma.USART1_RX.0.MemInc=DMA_MINC_ENABLE
PA13.Mode=Serial_Wire
ProjectManager.FreePins=false
NVIC.I2C1_ER_IRQn=true\:0\:0\:false\:false\:true\:true\:true
RCC.IPParameters=ADCFreqValue,AHBFreq_Value,APB1CLKDivider,APB1Freq_Value,APB1TimFreq_Value,APB2Freq_Value,APB2TimFreq_Value,FCLKCortexFreq_Value,FamilyName,HCLKFreq_Value,MCOFreq_Value,PLLCLKFreq_Value,PLLMCOFreq_Value,PLLMUL,PLLSourceVirtual,SYSCLKFreq_VALUE,SYSCLKSource,TimSysFreq_Value,USBFreq_Value,VCOOutput2Freq_Value
ProjectManager.AskForMigrate=true
Mcu.Name=STM32F103C(8-B)Tx
Dma.RequestsNb=3
ProjectManager.HalAssertFull=false
Dma.USART1_TX.1.PeriphDataAlignment=DMA_PDATAALIGN_BYTE
ProjectManager.ProjectName=stm32c8t6_gy91
ProjectManager.UnderRoot=false
RCC.PLLMCOFreq_Value=36000000
ProjectManager.CoupleFile=true
RCC.SYSCLKFreq_VALUE=72000000
Mcu.Package=LQFP48
RCC.TimSysFreq_Value=72000000
NVIC.ForceEnableDMAVector=true
KeepUserPlacement=false
Dma.USART1_TX.1.Mode=DMA_CIRCULAR
NVIC.MemoryManagement_IRQn=true\:0\:0\:false\:false\:true\:false\:false
USART1.VirtualMode=VM_ASYNC
ProjectManager.CompilerOptimize=6
ProjectManager.ToolChainLocation=
VP_SYS_VS_Systick.Signal=SYS_VS_Systick
PB7.Mode=I2C
Dma.USART1_RX.0.RequestParameters=Instance,Direction,PeriphInc,MemInc,PeriphDataAlignment,MemDataAlignment,Mode,Priority
PA10.Signal=USART1_RX
PA14.Signal=SYS_JTCK-SWCLK
ProjectManager.HeapSize=0x200
Dma.USART1_TX.1.PeriphInc=DMA_PINC_DISABLE
NVIC.HardFault_IRQn=true\:0\:0\:false\:false\:true\:false\:false
ProjectManager.ComputerToolchain=false
NVIC.PriorityGroup=NVIC_PRIORITYGROUP_4
Mcu.Pin10=VP_SYS_VS_Systick
Dma.Request2=MEMTOMEM
Dma.Request1=USART1_TX
RCC.APB1TimFreq_Value=72000000
NVIC.BusFault_IRQn=true\:0\:0\:false\:false\:true\:false\:false
Dma.USART1_RX.0.Mode=DMA_CIRCULAR
Dma.USART1_TX.1.Priority=DMA_PRIORITY_LOW
NVIC.DMA1_Channel4_IRQn=true\:0\:0\:false\:false\:true\:false\:true
NVIC.USART1_IRQn=true\:0\:0\:false\:false\:true\:true\:true
Dma.Request0=USART1_RX
RCC.APB1Freq_Value=36000000
Dma.USART1_RX.0.Instance=DMA1_Channel5
ProjectManager.CustomerFirmwarePackage=
ProjectManager.DeviceId=STM32F103C8Tx
ProjectManager.LibraryCopy=1
Dma.USART1_TX.1.Direction=DMA_MEMORY_TO_PERIPH
